// !$*UTF8*$!
{
	archiveVersion = 1;
	classes = {
	};
	objectVersion = 46;
	objects = {

/* Begin PBXBuildFile section */
		710DF9971C34FA2900C227BA /* CLLocationManager+Singleton.swift in Sources */ = {isa = PBXBuildFile; fileRef = 710DF9961C34FA2900C227BA /* CLLocationManager+Singleton.swift */; };
		71214BA91C3F9049000C3A9B /* HamburgerButton.swift in Sources */ = {isa = PBXBuildFile; fileRef = 71214BA81C3F9049000C3A9B /* HamburgerButton.swift */; };
		71214BAB1C3F9348000C3A9B /* MKMapView+EdgeInsets.swift in Sources */ = {isa = PBXBuildFile; fileRef = 71214BAA1C3F9348000C3A9B /* MKMapView+EdgeInsets.swift */; };
		713F48651C3FF0610016E5D7 /* UIColor+Hex.swift in Sources */ = {isa = PBXBuildFile; fileRef = 713F48641C3FF0610016E5D7 /* UIColor+Hex.swift */; };
		713F48681C3FFD760016E5D7 /* CafeViewController.swift in Sources */ = {isa = PBXBuildFile; fileRef = 713F48671C3FFD760016E5D7 /* CafeViewController.swift */; };
		713F486A1C4006570016E5D7 /* Cafe.swift in Sources */ = {isa = PBXBuildFile; fileRef = 713F48691C4006570016E5D7 /* Cafe.swift */; };
		713F486C1C413B5F0016E5D7 /* CafeAnnotation.swift in Sources */ = {isa = PBXBuildFile; fileRef = 713F486B1C413B5F0016E5D7 /* CafeAnnotation.swift */; };
		713F486E1C413CDE0016E5D7 /* ViewController+MapKit.swift in Sources */ = {isa = PBXBuildFile; fileRef = 713F486D1C413CDE0016E5D7 /* ViewController+MapKit.swift */; };
		713F48711C414BC30016E5D7 /* ViewController+DataSource.swift in Sources */ = {isa = PBXBuildFile; fileRef = 713F48701C414BC30016E5D7 /* ViewController+DataSource.swift */; };
		713F48731C414C2B0016E5D7 /* cafes.json in Resources */ = {isa = PBXBuildFile; fileRef = 713F48721C414C2B0016E5D7 /* cafes.json */; };
		713F48751C4150C30016E5D7 /* City.swift in Sources */ = {isa = PBXBuildFile; fileRef = 713F48741C4150C30016E5D7 /* City.swift */; };
		7155C3671C50BB82006AF3AA /* ViewController+Location.swift in Sources */ = {isa = PBXBuildFile; fileRef = 7155C3661C50BB82006AF3AA /* ViewController+Location.swift */; };
		7155C3691C50BB96006AF3AA /* CLGeocoder+Singleton.swift in Sources */ = {isa = PBXBuildFile; fileRef = 7155C3681C50BB96006AF3AA /* CLGeocoder+Singleton.swift */; };
		7155FDEA1C089B3000C85592 /* AppDelegate.swift in Sources */ = {isa = PBXBuildFile; fileRef = 7155FDE91C089B3000C85592 /* AppDelegate.swift */; };
		7155FDEC1C089B3000C85592 /* ViewController.swift in Sources */ = {isa = PBXBuildFile; fileRef = 7155FDEB1C089B3000C85592 /* ViewController.swift */; };
		7155FDEF1C089B3000C85592 /* Main.storyboard in Resources */ = {isa = PBXBuildFile; fileRef = 7155FDED1C089B3000C85592 /* Main.storyboard */; };
		7155FDF11C089B3000C85592 /* Assets.xcassets in Resources */ = {isa = PBXBuildFile; fileRef = 7155FDF01C089B3000C85592 /* Assets.xcassets */; };
		7155FDF41C089B3000C85592 /* LaunchScreen.storyboard in Resources */ = {isa = PBXBuildFile; fileRef = 7155FDF21C089B3000C85592 /* LaunchScreen.storyboard */; };
		7155FDFF1C089B3000C85592 /* coffeeTests.swift in Sources */ = {isa = PBXBuildFile; fileRef = 7155FDFE1C089B3000C85592 /* coffeeTests.swift */; };
		7155FE0A1C089B3000C85592 /* coffeeUITests.swift in Sources */ = {isa = PBXBuildFile; fileRef = 7155FE091C089B3000C85592 /* coffeeUITests.swift */; };
		715920A91C3F9B35003DE105 /* CafeSubtitleCell.swift in Sources */ = {isa = PBXBuildFile; fileRef = 715920A81C3F9B35003DE105 /* CafeSubtitleCell.swift */; };
		718C24A51C4D2BE900447254 /* CafeInfoCell.swift in Sources */ = {isa = PBXBuildFile; fileRef = 718C24A41C4D2BE900447254 /* CafeInfoCell.swift */; };
		718C24A81C4E823400447254 /* MenuListViewController.swift in Sources */ = {isa = PBXBuildFile; fileRef = 718C24A71C4E823400447254 /* MenuListViewController.swift */; };
		718F96421C527D5A003B80AC /* AnimationDelegate.swift in Sources */ = {isa = PBXBuildFile; fileRef = 718F96411C527D5A003B80AC /* AnimationDelegate.swift */; };
		718F96441C547C91003B80AC /* CityCell.swift in Sources */ = {isa = PBXBuildFile; fileRef = 718F96431C547C91003B80AC /* CityCell.swift */; };
		71E5BA1A1C560997002170C2 /* StoreKit.framework in Frameworks */ = {isa = PBXBuildFile; fileRef = 71E5BA191C560997002170C2 /* StoreKit.framework */; };
		71E5BA1E1C5609A1002170C2 /* EventKit.framework in Frameworks */ = {isa = PBXBuildFile; fileRef = 71E5BA1D1C5609A1002170C2 /* EventKit.framework */; };
		71E5BA201C5609A8002170C2 /* libsqlite3.tbd in Frameworks */ = {isa = PBXBuildFile; fileRef = 71E5BA1F1C5609A8002170C2 /* libsqlite3.tbd */; };
		71E5BA221C5609AD002170C2 /* libz.tbd in Frameworks */ = {isa = PBXBuildFile; fileRef = 71E5BA211C5609AD002170C2 /* libz.tbd */; };
		71E5BA241C5609B6002170C2 /* Social.framework in Frameworks */ = {isa = PBXBuildFile; fileRef = 71E5BA231C5609B6002170C2 /* Social.framework */; };
		71E5BA261C560D82002170C2 /* AppDelegate+Splash.swift in Sources */ = {isa = PBXBuildFile; fileRef = 71E5BA251C560D82002170C2 /* AppDelegate+Splash.swift */; };
		71EF3E9E1C4BBDF0002714CA /* MapKit.framework in Frameworks */ = {isa = PBXBuildFile; fileRef = 71EF3E9D1C4BBDF0002714CA /* MapKit.framework */; };
		9A2EF42224D90E2EC25D54A2 /* Pods_coffee.framework in Frameworks */ = {isa = PBXBuildFile; fileRef = EE28364FAA62045CC614D800 /* Pods_coffee.framework */; };
/* End PBXBuildFile section */

/* Begin PBXContainerItemProxy section */
		7155FDFB1C089B3000C85592 /* PBXContainerItemProxy */ = {
			isa = PBXContainerItemProxy;
			containerPortal = 7155FDDE1C089B3000C85592 /* Project object */;
			proxyType = 1;
			remoteGlobalIDString = 7155FDE51C089B3000C85592;
			remoteInfo = coffee;
		};
		7155FE061C089B3000C85592 /* PBXContainerItemProxy */ = {
			isa = PBXContainerItemProxy;
			containerPortal = 7155FDDE1C089B3000C85592 /* Project object */;
			proxyType = 1;
			remoteGlobalIDString = 7155FDE51C089B3000C85592;
			remoteInfo = coffee;
		};
/* End PBXContainerItemProxy section */

/* Begin PBXFileReference section */
		6605B1E9DFA916A279DF5136 /* Pods-coffee.debug.xcconfig */ = {isa = PBXFileReference; includeInIndex = 1; lastKnownFileType = text.xcconfig; name = "Pods-coffee.debug.xcconfig"; path = "Pods/Target Support Files/Pods-coffee/Pods-coffee.debug.xcconfig"; sourceTree = "<group>"; };
		710DF9961C34FA2900C227BA /* CLLocationManager+Singleton.swift */ = {isa = PBXFileReference; fileEncoding = 4; lastKnownFileType = sourcecode.swift; path = "CLLocationManager+Singleton.swift"; sourceTree = "<group>"; };
		710DF9981C34FCF200C227BA /* Beijing.gpx */ = {isa = PBXFileReference; lastKnownFileType = text.xml; name = Beijing.gpx; path = ../Beijing.gpx; sourceTree = "<group>"; };
		71214BA81C3F9049000C3A9B /* HamburgerButton.swift */ = {isa = PBXFileReference; fileEncoding = 4; lastKnownFileType = sourcecode.swift; path = HamburgerButton.swift; sourceTree = "<group>"; };
		71214BAA1C3F9348000C3A9B /* MKMapView+EdgeInsets.swift */ = {isa = PBXFileReference; fileEncoding = 4; lastKnownFileType = sourcecode.swift; path = "MKMapView+EdgeInsets.swift"; sourceTree = "<group>"; };
		7133C8061C2ED8D6007B5FBD /* zh-Hans */ = {isa = PBXFileReference; lastKnownFileType = text.plist.strings; name = "zh-Hans"; path = "zh-Hans.lproj/Main.strings"; sourceTree = "<group>"; };
		7133C8071C2ED8D6007B5FBD /* zh-Hans */ = {isa = PBXFileReference; lastKnownFileType = text.plist.strings; name = "zh-Hans"; path = "zh-Hans.lproj/LaunchScreen.strings"; sourceTree = "<group>"; };
		713F48641C3FF0610016E5D7 /* UIColor+Hex.swift */ = {isa = PBXFileReference; fileEncoding = 4; lastKnownFileType = sourcecode.swift; path = "UIColor+Hex.swift"; sourceTree = "<group>"; };
		713F48671C3FFD760016E5D7 /* CafeViewController.swift */ = {isa = PBXFileReference; fileEncoding = 4; lastKnownFileType = sourcecode.swift; path = CafeViewController.swift; sourceTree = "<group>"; };
		713F48691C4006570016E5D7 /* Cafe.swift */ = {isa = PBXFileReference; fileEncoding = 4; lastKnownFileType = sourcecode.swift; path = Cafe.swift; sourceTree = "<group>"; };
		713F486B1C413B5F0016E5D7 /* CafeAnnotation.swift */ = {isa = PBXFileReference; fileEncoding = 4; lastKnownFileType = sourcecode.swift; path = CafeAnnotation.swift; sourceTree = "<group>"; };
		713F486D1C413CDE0016E5D7 /* ViewController+MapKit.swift */ = {isa = PBXFileReference; fileEncoding = 4; lastKnownFileType = sourcecode.swift; path = "ViewController+MapKit.swift"; sourceTree = "<group>"; };
		713F48701C414BC30016E5D7 /* ViewController+DataSource.swift */ = {isa = PBXFileReference; fileEncoding = 4; lastKnownFileType = sourcecode.swift; path = "ViewController+DataSource.swift"; sourceTree = "<group>"; };
		713F48721C414C2B0016E5D7 /* cafes.json */ = {isa = PBXFileReference; fileEncoding = 4; lastKnownFileType = text.json; name = cafes.json; path = Data/cafes.json; sourceTree = SOURCE_ROOT; };
		713F48741C4150C30016E5D7 /* City.swift */ = {isa = PBXFileReference; fileEncoding = 4; lastKnownFileType = sourcecode.swift; path = City.swift; sourceTree = "<group>"; };
		7155C3661C50BB82006AF3AA /* ViewController+Location.swift */ = {isa = PBXFileReference; fileEncoding = 4; lastKnownFileType = sourcecode.swift; path = "ViewController+Location.swift"; sourceTree = "<group>"; };
		7155C3681C50BB96006AF3AA /* CLGeocoder+Singleton.swift */ = {isa = PBXFileReference; fileEncoding = 4; lastKnownFileType = sourcecode.swift; path = "CLGeocoder+Singleton.swift"; sourceTree = "<group>"; };
		7155FDE61C089B3000C85592 /* coffee.app */ = {isa = PBXFileReference; explicitFileType = wrapper.application; includeInIndex = 0; path = coffee.app; sourceTree = BUILT_PRODUCTS_DIR; };
		7155FDE91C089B3000C85592 /* AppDelegate.swift */ = {isa = PBXFileReference; lastKnownFileType = sourcecode.swift; path = AppDelegate.swift; sourceTree = "<group>"; };
		7155FDEB1C089B3000C85592 /* ViewController.swift */ = {isa = PBXFileReference; lastKnownFileType = sourcecode.swift; path = ViewController.swift; sourceTree = "<group>"; };
		7155FDEE1C089B3000C85592 /* Base */ = {isa = PBXFileReference; lastKnownFileType = file.storyboard; name = Base; path = Base.lproj/Main.storyboard; sourceTree = "<group>"; };
		7155FDF01C089B3000C85592 /* Assets.xcassets */ = {isa = PBXFileReference; lastKnownFileType = folder.assetcatalog; path = Assets.xcassets; sourceTree = "<group>"; };
		7155FDF31C089B3000C85592 /* Base */ = {isa = PBXFileReference; lastKnownFileType = file.storyboard; name = Base; path = Base.lproj/LaunchScreen.storyboard; sourceTree = "<group>"; };
		7155FDF51C089B3000C85592 /* Info.plist */ = {isa = PBXFileReference; lastKnownFileType = text.plist.xml; path = Info.plist; sourceTree = "<group>"; };
		7155FDFA1C089B3000C85592 /* coffeeTests.xctest */ = {isa = PBXFileReference; explicitFileType = wrapper.cfbundle; includeInIndex = 0; path = coffeeTests.xctest; sourceTree = BUILT_PRODUCTS_DIR; };
		7155FDFE1C089B3000C85592 /* coffeeTests.swift */ = {isa = PBXFileReference; lastKnownFileType = sourcecode.swift; path = coffeeTests.swift; sourceTree = "<group>"; };
		7155FE001C089B3000C85592 /* Info.plist */ = {isa = PBXFileReference; lastKnownFileType = text.plist.xml; path = Info.plist; sourceTree = "<group>"; };
		7155FE051C089B3000C85592 /* coffeeUITests.xctest */ = {isa = PBXFileReference; explicitFileType = wrapper.cfbundle; includeInIndex = 0; path = coffeeUITests.xctest; sourceTree = BUILT_PRODUCTS_DIR; };
		7155FE091C089B3000C85592 /* coffeeUITests.swift */ = {isa = PBXFileReference; lastKnownFileType = sourcecode.swift; path = coffeeUITests.swift; sourceTree = "<group>"; };
		7155FE0B1C089B3000C85592 /* Info.plist */ = {isa = PBXFileReference; lastKnownFileType = text.plist.xml; path = Info.plist; sourceTree = "<group>"; };
		715920A81C3F9B35003DE105 /* CafeSubtitleCell.swift */ = {isa = PBXFileReference; fileEncoding = 4; lastKnownFileType = sourcecode.swift; path = CafeSubtitleCell.swift; sourceTree = "<group>"; };
		718C24A41C4D2BE900447254 /* CafeInfoCell.swift */ = {isa = PBXFileReference; fileEncoding = 4; lastKnownFileType = sourcecode.swift; path = CafeInfoCell.swift; sourceTree = "<group>"; };
		718C24A71C4E823400447254 /* MenuListViewController.swift */ = {isa = PBXFileReference; fileEncoding = 4; lastKnownFileType = sourcecode.swift; path = MenuListViewController.swift; sourceTree = "<group>"; };
		718F96411C527D5A003B80AC /* AnimationDelegate.swift */ = {isa = PBXFileReference; fileEncoding = 4; lastKnownFileType = sourcecode.swift; path = AnimationDelegate.swift; sourceTree = "<group>"; };
		718F96431C547C91003B80AC /* CityCell.swift */ = {isa = PBXFileReference; fileEncoding = 4; lastKnownFileType = sourcecode.swift; path = CityCell.swift; sourceTree = "<group>"; };
		71E5BA191C560997002170C2 /* StoreKit.framework */ = {isa = PBXFileReference; lastKnownFileType = wrapper.framework; name = StoreKit.framework; path = System/Library/Frameworks/StoreKit.framework; sourceTree = SDKROOT; };
		71E5BA1D1C5609A1002170C2 /* EventKit.framework */ = {isa = PBXFileReference; lastKnownFileType = wrapper.framework; name = EventKit.framework; path = System/Library/Frameworks/EventKit.framework; sourceTree = SDKROOT; };
		71E5BA1F1C5609A8002170C2 /* libsqlite3.tbd */ = {isa = PBXFileReference; lastKnownFileType = "sourcecode.text-based-dylib-definition"; name = libsqlite3.tbd; path = usr/lib/libsqlite3.tbd; sourceTree = SDKROOT; };
		71E5BA211C5609AD002170C2 /* libz.tbd */ = {isa = PBXFileReference; lastKnownFileType = "sourcecode.text-based-dylib-definition"; name = libz.tbd; path = usr/lib/libz.tbd; sourceTree = SDKROOT; };
		71E5BA231C5609B6002170C2 /* Social.framework */ = {isa = PBXFileReference; lastKnownFileType = wrapper.framework; name = Social.framework; path = System/Library/Frameworks/Social.framework; sourceTree = SDKROOT; };
		71E5BA251C560D82002170C2 /* AppDelegate+Splash.swift */ = {isa = PBXFileReference; fileEncoding = 4; lastKnownFileType = sourcecode.swift; path = "AppDelegate+Splash.swift"; sourceTree = "<group>"; };
		71EF3E9D1C4BBDF0002714CA /* MapKit.framework */ = {isa = PBXFileReference; lastKnownFileType = wrapper.framework; name = MapKit.framework; path = System/Library/Frameworks/MapKit.framework; sourceTree = SDKROOT; };
		86E419F6A7B25C6A6113E0D4 /* Pods-coffee.release.xcconfig */ = {isa = PBXFileReference; includeInIndex = 1; lastKnownFileType = text.xcconfig; name = "Pods-coffee.release.xcconfig"; path = "Pods/Target Support Files/Pods-coffee/Pods-coffee.release.xcconfig"; sourceTree = "<group>"; };
		EE28364FAA62045CC614D800 /* Pods_coffee.framework */ = {isa = PBXFileReference; explicitFileType = wrapper.framework; includeInIndex = 0; path = Pods_coffee.framework; sourceTree = BUILT_PRODUCTS_DIR; };
/* End PBXFileReference section */

/* Begin PBXFrameworksBuildPhase section */
		7155FDE31C089B3000C85592 /* Frameworks */ = {
			isa = PBXFrameworksBuildPhase;
			buildActionMask = 2147483647;
			files = (
				71E5BA241C5609B6002170C2 /* Social.framework in Frameworks */,
				71E5BA221C5609AD002170C2 /* libz.tbd in Frameworks */,
				71E5BA201C5609A8002170C2 /* libsqlite3.tbd in Frameworks */,
				71E5BA1E1C5609A1002170C2 /* EventKit.framework in Frameworks */,
				71E5BA1A1C560997002170C2 /* StoreKit.framework in Frameworks */,
				71EF3E9E1C4BBDF0002714CA /* MapKit.framework in Frameworks */,
				9A2EF42224D90E2EC25D54A2 /* Pods_coffee.framework in Frameworks */,
			);
			runOnlyForDeploymentPostprocessing = 0;
		};
		7155FDF71C089B3000C85592 /* Frameworks */ = {
			isa = PBXFrameworksBuildPhase;
			buildActionMask = 2147483647;
			files = (
			);
			runOnlyForDeploymentPostprocessing = 0;
		};
		7155FE021C089B3000C85592 /* Frameworks */ = {
			isa = PBXFrameworksBuildPhase;
			buildActionMask = 2147483647;
			files = (
			);
			runOnlyForDeploymentPostprocessing = 0;
		};
/* End PBXFrameworksBuildPhase section */

/* Begin PBXGroup section */
		21CDC406E34D2E17FB0FB2FB /* Frameworks */ = {
			isa = PBXGroup;
			children = (
				71E5BA231C5609B6002170C2 /* Social.framework */,
				71E5BA211C5609AD002170C2 /* libz.tbd */,
				71E5BA1F1C5609A8002170C2 /* libsqlite3.tbd */,
				71E5BA1D1C5609A1002170C2 /* EventKit.framework */,
				71E5BA191C560997002170C2 /* StoreKit.framework */,
				71EF3E9D1C4BBDF0002714CA /* MapKit.framework */,
				EE28364FAA62045CC614D800 /* Pods_coffee.framework */,
			);
			name = Frameworks;
			sourceTree = "<group>";
		};
		3D27D97261FD871A25B62D04 /* Pods */ = {
			isa = PBXGroup;
			children = (
				6605B1E9DFA916A279DF5136 /* Pods-coffee.debug.xcconfig */,
				86E419F6A7B25C6A6113E0D4 /* Pods-coffee.release.xcconfig */,
			);
			name = Pods;
			sourceTree = "<group>";
		};
		71214BA71C3F9049000C3A9B /* Vendor */ = {
			isa = PBXGroup;
			children = (
				718F96411C527D5A003B80AC /* AnimationDelegate.swift */,
				71214BA81C3F9049000C3A9B /* HamburgerButton.swift */,
			);
			path = Vendor;
			sourceTree = "<group>";
		};
		713F486F1C41444C0016E5D7 /* Data */ = {
			isa = PBXGroup;
			children = (
				713F48721C414C2B0016E5D7 /* cafes.json */,
			);
			name = Data;
			sourceTree = "<group>";
		};
		713F48761C4201380016E5D7 /* Model */ = {
			isa = PBXGroup;
			children = (
				713F48691C4006570016E5D7 /* Cafe.swift */,
				713F48741C4150C30016E5D7 /* City.swift */,
			);
			name = Model;
			sourceTree = "<group>";
		};
		7155FDDD1C089B3000C85592 = {
			isa = PBXGroup;
			children = (
				7155FDE81C089B3000C85592 /* coffee */,
				7155FDFD1C089B3000C85592 /* coffeeTests */,
				7155FE081C089B3000C85592 /* coffeeUITests */,
				7155FDE71C089B3000C85592 /* Products */,
				21CDC406E34D2E17FB0FB2FB /* Frameworks */,
				3D27D97261FD871A25B62D04 /* Pods */,
			);
			sourceTree = "<group>";
		};
		7155FDE71C089B3000C85592 /* Products */ = {
			isa = PBXGroup;
			children = (
				7155FDE61C089B3000C85592 /* coffee.app */,
				7155FDFA1C089B3000C85592 /* coffeeTests.xctest */,
				7155FE051C089B3000C85592 /* coffeeUITests.xctest */,
			);
			name = Products;
			sourceTree = "<group>";
		};
		7155FDE81C089B3000C85592 /* coffee */ = {
			isa = PBXGroup;
			children = (
				71D2196D1C4B3C10005229B7 /* Extension */,
				713F48761C4201380016E5D7 /* Model */,
				713F486F1C41444C0016E5D7 /* Data */,
				715920A71C3F9B0B003DE105 /* ViewController */,
				715920A61C3F9B03003DE105 /* View */,
				71214BA71C3F9049000C3A9B /* Vendor */,
				7155FDE91C089B3000C85592 /* AppDelegate.swift */,
				71E5BA251C560D82002170C2 /* AppDelegate+Splash.swift */,
				7155FDED1C089B3000C85592 /* Main.storyboard */,
				7155FDF01C089B3000C85592 /* Assets.xcassets */,
				7155FDF21C089B3000C85592 /* LaunchScreen.storyboard */,
				710DF9981C34FCF200C227BA /* Beijing.gpx */,
				7155FDF51C089B3000C85592 /* Info.plist */,
			);
			path = coffee;
			sourceTree = "<group>";
		};
		7155FDFD1C089B3000C85592 /* coffeeTests */ = {
			isa = PBXGroup;
			children = (
				7155FDFE1C089B3000C85592 /* coffeeTests.swift */,
				7155FE001C089B3000C85592 /* Info.plist */,
			);
			path = coffeeTests;
			sourceTree = "<group>";
		};
		7155FE081C089B3000C85592 /* coffeeUITests */ = {
			isa = PBXGroup;
			children = (
				7155FE091C089B3000C85592 /* coffeeUITests.swift */,
				7155FE0B1C089B3000C85592 /* Info.plist */,
			);
			path = coffeeUITests;
			sourceTree = "<group>";
		};
		715920A61C3F9B03003DE105 /* View */ = {
			isa = PBXGroup;
			children = (
				715920A81C3F9B35003DE105 /* CafeSubtitleCell.swift */,
				718C24A41C4D2BE900447254 /* CafeInfoCell.swift */,
				718F96431C547C91003B80AC /* CityCell.swift */,
			);
			name = View;
			sourceTree = "<group>";
		};
		715920A71C3F9B0B003DE105 /* ViewController */ = {
			isa = PBXGroup;
			children = (
				718C24A91C4E823800447254 /* MenuList */,
				71D2196C1C4B3BFB005229B7 /* CafeInfo */,
				7155FDEB1C089B3000C85592 /* ViewController.swift */,
				7155C3661C50BB82006AF3AA /* ViewController+Location.swift */,
				713F48701C414BC30016E5D7 /* ViewController+DataSource.swift */,
				713F486D1C413CDE0016E5D7 /* ViewController+MapKit.swift */,
				713F486B1C413B5F0016E5D7 /* CafeAnnotation.swift */,
			);
			name = ViewController;
			sourceTree = "<group>";
		};
		718C24A91C4E823800447254 /* MenuList */ = {
			isa = PBXGroup;
			children = (
				718C24A71C4E823400447254 /* MenuListViewController.swift */,
			);
			name = MenuList;
			sourceTree = "<group>";
		};
		71D2196C1C4B3BFB005229B7 /* CafeInfo */ = {
			isa = PBXGroup;
			children = (
				713F48671C3FFD760016E5D7 /* CafeViewController.swift */,
			);
			name = CafeInfo;
			sourceTree = "<group>";
		};
		71D2196D1C4B3C10005229B7 /* Extension */ = {
			isa = PBXGroup;
			children = (
				7155C3681C50BB96006AF3AA /* CLGeocoder+Singleton.swift */,
				713F48641C3FF0610016E5D7 /* UIColor+Hex.swift */,
				710DF9961C34FA2900C227BA /* CLLocationManager+Singleton.swift */,
				71214BAA1C3F9348000C3A9B /* MKMapView+EdgeInsets.swift */,
			);
			name = Extension;
			sourceTree = "<group>";
		};
/* End PBXGroup section */

/* Begin PBXNativeTarget section */
		7155FDE51C089B3000C85592 /* coffee */ = {
			isa = PBXNativeTarget;
			buildConfigurationList = 7155FE0E1C089B3000C85592 /* Build configuration list for PBXNativeTarget "coffee" */;
			buildPhases = (
				17B9644DA525160B4D192456 /* [CP] Check Pods Manifest.lock */,
				7155FDE21C089B3000C85592 /* Sources */,
				7155FDE31C089B3000C85592 /* Frameworks */,
				7155FDE41C089B3000C85592 /* Resources */,
				5C2E4938A1FEF75D0D1A5294 /* [CP] Embed Pods Frameworks */,
				2743813E8260F1A18630D031 /* [CP] Copy Pods Resources */,
			);
			buildRules = (
			);
			dependencies = (
			);
			name = coffee;
			productName = coffee;
			productReference = 7155FDE61C089B3000C85592 /* coffee.app */;
			productType = "com.apple.product-type.application";
		};
		7155FDF91C089B3000C85592 /* coffeeTests */ = {
			isa = PBXNativeTarget;
			buildConfigurationList = 7155FE111C089B3000C85592 /* Build configuration list for PBXNativeTarget "coffeeTests" */;
			buildPhases = (
				7155FDF61C089B3000C85592 /* Sources */,
				7155FDF71C089B3000C85592 /* Frameworks */,
				7155FDF81C089B3000C85592 /* Resources */,
			);
			buildRules = (
			);
			dependencies = (
				7155FDFC1C089B3000C85592 /* PBXTargetDependency */,
			);
			name = coffeeTests;
			productName = coffeeTests;
			productReference = 7155FDFA1C089B3000C85592 /* coffeeTests.xctest */;
			productType = "com.apple.product-type.bundle.unit-test";
		};
		7155FE041C089B3000C85592 /* coffeeUITests */ = {
			isa = PBXNativeTarget;
			buildConfigurationList = 7155FE141C089B3000C85592 /* Build configuration list for PBXNativeTarget "coffeeUITests" */;
			buildPhases = (
				7155FE011C089B3000C85592 /* Sources */,
				7155FE021C089B3000C85592 /* Frameworks */,
				7155FE031C089B3000C85592 /* Resources */,
			);
			buildRules = (
			);
			dependencies = (
				7155FE071C089B3000C85592 /* PBXTargetDependency */,
			);
			name = coffeeUITests;
			productName = coffeeUITests;
			productReference = 7155FE051C089B3000C85592 /* coffeeUITests.xctest */;
			productType = "com.apple.product-type.bundle.ui-testing";
		};
/* End PBXNativeTarget section */

/* Begin PBXProject section */
		7155FDDE1C089B3000C85592 /* Project object */ = {
			isa = PBXProject;
			attributes = {
				LastSwiftUpdateCheck = 0710;
				LastUpgradeCheck = 0820;
				ORGANIZATIONNAME = flexih;
				TargetAttributes = {
					7155FDE51C089B3000C85592 = {
						CreatedOnToolsVersion = 7.1.1;
						DevelopmentTeam = NY6GTZG87Y;
						LastSwiftMigration = 0820;
						SystemCapabilities = {
							com.apple.Wallet = {
								enabled = 0;
							};
						};
					};
					7155FDF91C089B3000C85592 = {
						CreatedOnToolsVersion = 7.1.1;
						LastSwiftMigration = 0820;
						TestTargetID = 7155FDE51C089B3000C85592;
					};
					7155FE041C089B3000C85592 = {
						CreatedOnToolsVersion = 7.1.1;
						LastSwiftMigration = 0820;
						TestTargetID = 7155FDE51C089B3000C85592;
					};
				};
			};
			buildConfigurationList = 7155FDE11C089B3000C85592 /* Build configuration list for PBXProject "coffee" */;
			compatibilityVersion = "Xcode 3.2";
			developmentRegion = English;
			hasScannedForEncodings = 0;
			knownRegions = (
				en,
				Base,
			);
			mainGroup = 7155FDDD1C089B3000C85592;
			productRefGroup = 7155FDE71C089B3000C85592 /* Products */;
			projectDirPath = "";
			projectRoot = "";
			targets = (
				7155FDE51C089B3000C85592 /* coffee */,
				7155FDF91C089B3000C85592 /* coffeeTests */,
				7155FE041C089B3000C85592 /* coffeeUITests */,
			);
		};
/* End PBXProject section */

/* Begin PBXResourcesBuildPhase section */
		7155FDE41C089B3000C85592 /* Resources */ = {
			isa = PBXResourcesBuildPhase;
			buildActionMask = 2147483647;
			files = (
				713F48731C414C2B0016E5D7 /* cafes.json in Resources */,
				7155FDF41C089B3000C85592 /* LaunchScreen.storyboard in Resources */,
				7155FDF11C089B3000C85592 /* Assets.xcassets in Resources */,
				7155FDEF1C089B3000C85592 /* Main.storyboard in Resources */,
			);
			runOnlyForDeploymentPostprocessing = 0;
		};
		7155FDF81C089B3000C85592 /* Resources */ = {
			isa = PBXResourcesBuildPhase;
			buildActionMask = 2147483647;
			files = (
			);
			runOnlyForDeploymentPostprocessing = 0;
		};
		7155FE031C089B3000C85592 /* Resources */ = {
			isa = PBXResourcesBuildPhase;
			buildActionMask = 2147483647;
			files = (
			);
			runOnlyForDeploymentPostprocessing = 0;
		};
/* End PBXResourcesBuildPhase section */

/* Begin PBXShellScriptBuildPhase section */
		17B9644DA525160B4D192456 /* [CP] Check Pods Manifest.lock */ = {
			isa = PBXShellScriptBuildPhase;
			buildActionMask = 2147483647;
			files = (
			);
			inputPaths = (
			);
			name = "[CP] Check Pods Manifest.lock";
			outputPaths = (
			);
			runOnlyForDeploymentPostprocessing = 0;
			shellPath = /bin/sh;
			shellScript = "diff \"${PODS_ROOT}/../Podfile.lock\" \"${PODS_ROOT}/Manifest.lock\" > /dev/null\nif [ $? != 0 ] ; then\n    # print error to STDERR\n    echo \"error: The sandbox is not in sync with the Podfile.lock. Run 'pod install' or update your CocoaPods installation.\" >&2\n    exit 1\nfi\n";
			showEnvVarsInLog = 0;
		};
		2743813E8260F1A18630D031 /* [CP] Copy Pods Resources */ = {
			isa = PBXShellScriptBuildPhase;
			buildActionMask = 2147483647;
			files = (
			);
			inputPaths = (
			);
			name = "[CP] Copy Pods Resources";
			outputPaths = (
			);
			runOnlyForDeploymentPostprocessing = 0;
			shellPath = /bin/sh;
			shellScript = "\"${SRCROOT}/Pods/Target Support Files/Pods-coffee/Pods-coffee-resources.sh\"\n";
			showEnvVarsInLog = 0;
		};
		5C2E4938A1FEF75D0D1A5294 /* [CP] Embed Pods Frameworks */ = {
			isa = PBXShellScriptBuildPhase;
			buildActionMask = 2147483647;
			files = (
			);
			inputPaths = (
			);
			name = "[CP] Embed Pods Frameworks";
			outputPaths = (
			);
			runOnlyForDeploymentPostprocessing = 0;
			shellPath = /bin/sh;
			shellScript = "\"${SRCROOT}/Pods/Target Support Files/Pods-coffee/Pods-coffee-frameworks.sh\"\n";
			showEnvVarsInLog = 0;
		};
/* End PBXShellScriptBuildPhase section */

/* Begin PBXSourcesBuildPhase section */
		7155FDE21C089B3000C85592 /* Sources */ = {
			isa = PBXSourcesBuildPhase;
			buildActionMask = 2147483647;
			files = (
				7155C3691C50BB96006AF3AA /* CLGeocoder+Singleton.swift in Sources */,
				713F48651C3FF0610016E5D7 /* UIColor+Hex.swift in Sources */,
				718F96441C547C91003B80AC /* CityCell.swift in Sources */,
				718F96421C527D5A003B80AC /* AnimationDelegate.swift in Sources */,
				713F48681C3FFD760016E5D7 /* CafeViewController.swift in Sources */,
				718C24A51C4D2BE900447254 /* CafeInfoCell.swift in Sources */,
				713F486E1C413CDE0016E5D7 /* ViewController+MapKit.swift in Sources */,
				7155FDEC1C089B3000C85592 /* ViewController.swift in Sources */,
				713F486C1C413B5F0016E5D7 /* CafeAnnotation.swift in Sources */,
				71214BA91C3F9049000C3A9B /* HamburgerButton.swift in Sources */,
				710DF9971C34FA2900C227BA /* CLLocationManager+Singleton.swift in Sources */,
				713F48711C414BC30016E5D7 /* ViewController+DataSource.swift in Sources */,
				718C24A81C4E823400447254 /* MenuListViewController.swift in Sources */,
				71E5BA261C560D82002170C2 /* AppDelegate+Splash.swift in Sources */,
				71214BAB1C3F9348000C3A9B /* MKMapView+EdgeInsets.swift in Sources */,
				715920A91C3F9B35003DE105 /* CafeSubtitleCell.swift in Sources */,
				7155FDEA1C089B3000C85592 /* AppDelegate.swift in Sources */,
				713F48751C4150C30016E5D7 /* City.swift in Sources */,
				7155C3671C50BB82006AF3AA /* ViewController+Location.swift in Sources */,
				713F486A1C4006570016E5D7 /* Cafe.swift in Sources */,
			);
			runOnlyForDeploymentPostprocessing = 0;
		};
		7155FDF61C089B3000C85592 /* Sources */ = {
			isa = PBXSourcesBuildPhase;
			buildActionMask = 2147483647;
			files = (
				7155FDFF1C089B3000C85592 /* coffeeTests.swift in Sources */,
			);
			runOnlyForDeploymentPostprocessing = 0;
		};
		7155FE011C089B3000C85592 /* Sources */ = {
			isa = PBXSourcesBuildPhase;
			buildActionMask = 2147483647;
			files = (
				7155FE0A1C089B3000C85592 /* coffeeUITests.swift in Sources */,
			);
			runOnlyForDeploymentPostprocessing = 0;
		};
/* End PBXSourcesBuildPhase section */

/* Begin PBXTargetDependency section */
		7155FDFC1C089B3000C85592 /* PBXTargetDependency */ = {
			isa = PBXTargetDependency;
			target = 7155FDE51C089B3000C85592 /* coffee */;
			targetProxy = 7155FDFB1C089B3000C85592 /* PBXContainerItemProxy */;
		};
		7155FE071C089B3000C85592 /* PBXTargetDependency */ = {
			isa = PBXTargetDependency;
			target = 7155FDE51C089B3000C85592 /* coffee */;
			targetProxy = 7155FE061C089B3000C85592 /* PBXContainerItemProxy */;
		};
/* End PBXTargetDependency section */

/* Begin PBXVariantGroup section */
		7155FDED1C089B3000C85592 /* Main.storyboard */ = {
			isa = PBXVariantGroup;
			children = (
				7155FDEE1C089B3000C85592 /* Base */,
				7133C8061C2ED8D6007B5FBD /* zh-Hans */,
			);
			name = Main.storyboard;
			sourceTree = "<group>";
		};
		7155FDF21C089B3000C85592 /* LaunchScreen.storyboard */ = {
			isa = PBXVariantGroup;
			children = (
				7155FDF31C089B3000C85592 /* Base */,
				7133C8071C2ED8D6007B5FBD /* zh-Hans */,
			);
			name = LaunchScreen.storyboard;
			sourceTree = "<group>";
		};
/* End PBXVariantGroup section */

/* Begin XCBuildConfiguration section */
		7155FE0C1C089B3000C85592 /* Debug */ = {
			isa = XCBuildConfiguration;
			buildSettings = {
				ALWAYS_SEARCH_USER_PATHS = NO;
				CLANG_ANALYZER_LOCALIZABILITY_NONLOCALIZED = YES;
				CLANG_CXX_LANGUAGE_STANDARD = "gnu++0x";
				CLANG_CXX_LIBRARY = "libc++";
				CLANG_ENABLE_MODULES = YES;
				CLANG_ENABLE_OBJC_ARC = YES;
				CLANG_WARN_BOOL_CONVERSION = YES;
				CLANG_WARN_CONSTANT_CONVERSION = YES;
				CLANG_WARN_DIRECT_OBJC_ISA_USAGE = YES_ERROR;
				CLANG_WARN_EMPTY_BODY = YES;
				CLANG_WARN_ENUM_CONVERSION = YES;
				CLANG_WARN_INFINITE_RECURSION = YES;
				CLANG_WARN_INT_CONVERSION = YES;
				CLANG_WARN_OBJC_ROOT_CLASS = YES_ERROR;
				CLANG_WARN_SUSPICIOUS_MOVE = YES;
				CLANG_WARN_UNREACHABLE_CODE = YES;
				CLANG_WARN__DUPLICATE_METHOD_MATCH = YES;
				"CODE_SIGN_IDENTITY[sdk=iphoneos*]" = "iPhone Developer";
				COPY_PHASE_STRIP = NO;
				DEBUG_INFORMATION_FORMAT = dwarf;
				ENABLE_STRICT_OBJC_MSGSEND = YES;
				ENABLE_TESTABILITY = YES;
				GCC_C_LANGUAGE_STANDARD = gnu99;
				GCC_DYNAMIC_NO_PIC = NO;
				GCC_NO_COMMON_BLOCKS = YES;
				GCC_OPTIMIZATION_LEVEL = 0;
				GCC_PREPROCESSOR_DEFINITIONS = (
					"DEBUG=1",
					"$(inherited)",
				);
				GCC_WARN_64_TO_32_BIT_CONVERSION = YES;
				GCC_WARN_ABOUT_RETURN_TYPE = YES_ERROR;
				GCC_WARN_UNDECLARED_SELECTOR = YES;
				GCC_WARN_UNINITIALIZED_AUTOS = YES_AGGRESSIVE;
				GCC_WARN_UNUSED_FUNCTION = YES;
				GCC_WARN_UNUSED_VARIABLE = YES;
				IPHONEOS_DEPLOYMENT_TARGET = 9.0;
				MTL_ENABLE_DEBUG_INFO = YES;
				ONLY_ACTIVE_ARCH = YES;
				SDKROOT = iphoneos;
				SWIFT_OPTIMIZATION_LEVEL = "-Onone";
				VALID_ARCHS = "arm64 armv7 armv7s";
			};
			name = Debug;
		};
		7155FE0D1C089B3000C85592 /* Release */ = {
			isa = XCBuildConfiguration;
			buildSettings = {
				ALWAYS_SEARCH_USER_PATHS = NO;
				CLANG_ANALYZER_LOCALIZABILITY_NONLOCALIZED = YES;
				CLANG_CXX_LANGUAGE_STANDARD = "gnu++0x";
				CLANG_CXX_LIBRARY = "libc++";
				CLANG_ENABLE_MODULES = YES;
				CLANG_ENABLE_OBJC_ARC = YES;
				CLANG_WARN_BOOL_CONVERSION = YES;
				CLANG_WARN_CONSTANT_CONVERSION = YES;
				CLANG_WARN_DIRECT_OBJC_ISA_USAGE = YES_ERROR;
				CLANG_WARN_EMPTY_BODY = YES;
				CLANG_WARN_ENUM_CONVERSION = YES;
				CLANG_WARN_INFINITE_RECURSION = YES;
				CLANG_WARN_INT_CONVERSION = YES;
				CLANG_WARN_OBJC_ROOT_CLASS = YES_ERROR;
				CLANG_WARN_SUSPICIOUS_MOVE = YES;
				CLANG_WARN_UNREACHABLE_CODE = YES;
				CLANG_WARN__DUPLICATE_METHOD_MATCH = YES;
				"CODE_SIGN_IDENTITY[sdk=iphoneos*]" = "iPhone Developer";
				COPY_PHASE_STRIP = NO;
				DEBUG_INFORMATION_FORMAT = "dwarf-with-dsym";
				ENABLE_NS_ASSERTIONS = NO;
				ENABLE_STRICT_OBJC_MSGSEND = YES;
				GCC_C_LANGUAGE_STANDARD = gnu99;
				GCC_NO_COMMON_BLOCKS = YES;
				GCC_WARN_64_TO_32_BIT_CONVERSION = YES;
				GCC_WARN_ABOUT_RETURN_TYPE = YES_ERROR;
				GCC_WARN_UNDECLARED_SELECTOR = YES;
				GCC_WARN_UNINITIALIZED_AUTOS = YES_AGGRESSIVE;
				GCC_WARN_UNUSED_FUNCTION = YES;
				GCC_WARN_UNUSED_VARIABLE = YES;
				IPHONEOS_DEPLOYMENT_TARGET = 9.0;
				MTL_ENABLE_DEBUG_INFO = NO;
				SDKROOT = iphoneos;
				SWIFT_OPTIMIZATION_LEVEL = "-Owholemodule";
				VALIDATE_PRODUCT = YES;
				VALID_ARCHS = "arm64 armv7 armv7s";
			};
			name = Release;
		};
		7155FE0F1C089B3000C85592 /* Debug */ = {
			isa = XCBuildConfiguration;
			baseConfigurationReference = 6605B1E9DFA916A279DF5136 /* Pods-coffee.debug.xcconfig */;
			buildSettings = {
				ALWAYS_EMBED_SWIFT_STANDARD_LIBRARIES = YES;
				ASSETCATALOG_COMPILER_APPICON_NAME = AppIcon;
				CODE_SIGN_IDENTITY = "iPhone Developer";
				ENABLE_BITCODE = YES;
				FRAMEWORK_SEARCH_PATHS = (
					"$(inherited)",
					"$(PROJECT_DIR)",
				);
				INFOPLIST_FILE = coffee/Info.plist;
				IPHONEOS_DEPLOYMENT_TARGET = 8.0;
				LD_RUNPATH_SEARCH_PATHS = "$(inherited) @executable_path/Frameworks";
				LIBRARY_SEARCH_PATHS = "$(inherited)";
				PRODUCT_BUNDLE_IDENTIFIER = com.flexih.sit;
				PRODUCT_NAME = "$(TARGET_NAME)";
				SWIFT_OBJC_BRIDGING_HEADER = "";
				SWIFT_VERSION = 3.0;
				VALID_ARCHS = "arm64 armv7 armv7s";
			};
			name = Debug;
		};
		7155FE101C089B3000C85592 /* Release */ = {
			isa = XCBuildConfiguration;
			baseConfigurationReference = 86E419F6A7B25C6A6113E0D4 /* Pods-coffee.release.xcconfig */;
			buildSettings = {
				ALWAYS_EMBED_SWIFT_STANDARD_LIBRARIES = YES;
				ASSETCATALOG_COMPILER_APPICON_NAME = AppIcon;
				CODE_SIGN_IDENTITY = "iPhone Developer";
				ENABLE_BITCODE = YES;
				FRAMEWORK_SEARCH_PATHS = (
					"$(inherited)",
					"$(PROJECT_DIR)",
				);
				INFOPLIST_FILE = coffee/Info.plist;
				IPHONEOS_DEPLOYMENT_TARGET = 8.0;
				LD_RUNPATH_SEARCH_PATHS = "$(inherited) @executable_path/Frameworks";
				LIBRARY_SEARCH_PATHS = "$(inherited)";
				PRODUCT_BUNDLE_IDENTIFIER = com.flexih.sit;
				PRODUCT_NAME = "$(TARGET_NAME)";
				SWIFT_OBJC_BRIDGING_HEADER = "";
				SWIFT_VERSION = 3.0;
				VALID_ARCHS = "arm64 armv7 armv7s";
			};
			name = Release;
		};
		7155FE121C089B3000C85592 /* Debug */ = {
			isa = XCBuildConfiguration;
			buildSettings = {
				BUNDLE_LOADER = "$(TEST_HOST)";
				INFOPLIST_FILE = coffeeTests/Info.plist;
				LD_RUNPATH_SEARCH_PATHS = "$(inherited) @executable_path/Frameworks @loader_path/Frameworks";
				PRODUCT_BUNDLE_IDENTIFIER = com.flexih.coffeeTests;
				PRODUCT_NAME = "$(TARGET_NAME)";
				SWIFT_VERSION = 3.0;
				TEST_HOST = "$(BUILT_PRODUCTS_DIR)/coffee.app/coffee";
			};
			name = Debug;
		};
		7155FE131C089B3000C85592 /* Release */ = {
			isa = XCBuildConfiguration;
			buildSettings = {
				BUNDLE_LOADER = "$(TEST_HOST)";
				INFOPLIST_FILE = coffeeTests/Info.plist;
				LD_RUNPATH_SEARCH_PATHS = "$(inherited) @executable_path/Frameworks @loader_path/Frameworks";
				PRODUCT_BUNDLE_IDENTIFIER = com.flexih.coffeeTests;
				PRODUCT_NAME = "$(TARGET_NAME)";
				SWIFT_VERSION = 3.0;
				TEST_HOST = "$(BUILT_PRODUCTS_DIR)/coffee.app/coffee";
			};
			name = Release;
		};
		7155FE151C089B3000C85592 /* Debug */ = {
			isa = XCBuildConfiguration;
			buildSettings = {
				INFOPLIST_FILE = coffeeUITests/Info.plist;
				LD_RUNPATH_SEARCH_PATHS = "$(inherited) @executable_path/Frameworks @loader_path/Frameworks";
				PRODUCT_BUNDLE_IDENTIFIER = com.flexih.coffeeUITests;
				PRODUCT_NAME = "$(TARGET_NAME)";
				SWIFT_VERSION = 3.0;
				TEST_TARGET_NAME = coffee;
				USES_XCTRUNNER = YES;
			};
			name = Debug;
		};
		7155FE161C089B3000C85592 /* Release */ = {
			isa = XCBuildConfiguration;
			buildSettings = {
				INFOPLIST_FILE = coffeeUITests/Info.plist;
				LD_RUNPATH_SEARCH_PATHS = "$(inherited) @executable_path/Frameworks @loader_path/Frameworks";
				PRODUCT_BUNDLE_IDENTIFIER = com.flexih.coffeeUITests;
				PRODUCT_NAME = "$(TARGET_NAME)";
				SWIFT_VERSION = 3.0;
				TEST_TARGET_NAME = coffee;
				USES_XCTRUNNER = YES;
			};
			name = Release;
		};
/* End XCBuildConfiguration section */

/* Begin XCConfigurationList section */
		7155FDE11C089B3000C85592 /* Build configuration list for PBXProject "coffee" */ = {
			isa = XCConfigurationList;
			buildConfigurations = (
				7155FE0C1C089B3000C85592 /* Debug */,
				7155FE0D1C089B3000C85592 /* Release */,
			);
			defaultConfigurationIsVisible = 0;
			defaultConfigurationName = Release;
		};
		7155FE0E1C089B3000C85592 /* Build configuration list for PBXNativeTarget "coffee" */ = {
			isa = XCConfigurationList;
			buildConfigurations = (
				7155FE0F1C089B3000C85592 /* Debug */,
				7155FE101C089B3000C85592 /* Release */,
			);
			defaultConfigurationIsVisible = 0;
			defaultConfigurationName = Release;
		};
		7155FE111C089B3000C85592 /* Build configuration list for PBXNativeTarget "coffeeTests" */ = {
			isa = XCConfigurationList;
			buildConfigurations = (
				7155FE121C089B3000C85592 /* Debug */,
				7155FE131C089B3000C85592 /* Release */,
			);
			defaultConfigurationIsVisible = 0;
			defaultConfigurationName = Release;
		};
		7155FE141C089B3000C85592 /* Build configuration list for PBXNativeTarget "coffeeUITests" */ = {
			isa = XCConfigurationList;
			buildConfigurations = (
				7155FE151C089B3000C85592 /* Debug */,
				7155FE161C089B3000C85592 /* Release */,
			);
			defaultConfigurationIsVisible = 0;
			defaultConfigurationName = Release;
		};
/* End XCConfigurationList section */
	};
	rootObject = 7155FDDE1C089B3000C85592 /* Project object */;
}
